
Microsoft Visual Studio Solution File, Format Version 12.00
# Visual Studio Version 17
VisualStudioVersion = 17.9.34622.214
MinimumVisualStudioVersion = 10.0.40219.1
Project("{FAE04EC0-301F-11D3-BF4B-00C04F79EFBC}") = "Homework_Exercise1", "Homework_Exercise1\Homework_Exercise1.csproj", "{A9FC08F5-2DCD-467F-BA78-BBB35B001C51}"
EndProject
Project("{FAE04EC0-301F-11D3-BF4B-00C04F79EFBC}") = "Homework_Exercise2", "Homework_Exercise2\Homework_Exercise2.csproj", "{69ABEFE1-1314-4B93-BD30-B166B1B2FF6B}"
EndProject
Project("{FAE04EC0-301F-11D3-BF4B-00C04F79EFBC}") = "Homework_Exercise3", "Homework_Exercise3\Homework_Exercise3.csproj", "{01FEABBC-C149-4697-852A-4FD44C059AD1}"
EndProject
Global
	GlobalSection(SolutionConfigurationPlatforms) = preSolution
		Debug|Any CPU = Debug|Any CPU
		Release|Any CPU = Release|Any CPU
	EndGlobalSection
	GlobalSection(ProjectConfigurationPlatforms) = postSolution
		{A9FC08F5-2DCD-467F-BA78-BBB35B001C51}.Debug|Any CPU.ActiveCfg = Debug|Any CPU
		{A9FC08F5-2DCD-467F-BA78-BBB35B001C51}.Debug|Any CPU.Build.0 = Debug|Any CPU
		{A9FC08F5-2DCD-467F-BA78-BBB35B001C51}.Release|Any CPU.ActiveCfg = Release|Any CPU
		{A9FC08F5-2DCD-467F-BA78-BBB35B001C51}.Release|Any CPU.Build.0 = Release|Any CPU
		{69ABEFE1-1314-4B93-BD30-B166B1B2FF6B}.Debug|Any CPU.ActiveCfg = Debug|Any CPU
		{69ABEFE1-1314-4B93-BD30-B166B1B2FF6B}.Debug|Any CPU.Build.0 = Debug|Any CPU
		{69ABEFE1-1314-4B93-BD30-B166B1B2FF6B}.Release|Any CPU.ActiveCfg = Release|Any CPU
		{69ABEFE1-1314-4B93-BD30-B166B1B2FF6B}.Release|Any CPU.Build.0 = Release|Any CPU
		{01FEABBC-C149-4697-852A-4FD44C059AD1}.Debug|Any CPU.ActiveCfg = Debug|Any CPU
		{01FEABBC-C149-4697-852A-4FD44C059AD1}.Debug|Any CPU.Build.0 = Debug|Any CPU
		{01FEABBC-C149-4697-852A-4FD44C059AD1}.Release|Any CPU.ActiveCfg = Release|Any CPU
		{01FEABBC-C149-4697-852A-4FD44C059AD1}.Release|Any CPU.Build.0 = Release|Any CPU
	EndGlobalSection
	GlobalSection(SolutionProperties) = preSolution
		HideSolutionNode = FALSE
	EndGlobalSection
	GlobalSection(ExtensibilityGlobals) = postSolution
		SolutionGuid = {1E675D70-F4A5-4C7B-82EB-15D4B82FB3C4}
	EndGlobalSection
EndGlobal
